// !$*UTF8*$!
{
	archiveVersion = 1;
	classes = {
	};
	objectVersion = 46;
	objects = {

/* Begin PBXBuildFile section */
		3E3BEC1F1C243999008BC0CF /* MeetingListCellHeader.xib in Resources */ = {isa = PBXBuildFile; fileRef = 3E3BEC0A1C243999008BC0CF /* MeetingListCellHeader.xib */; };
		3E3BEC201C243999008BC0CF /* YACA.xcdatamodeld in Sources */ = {isa = PBXBuildFile; fileRef = 3E3BEC0B1C243999008BC0CF /* YACA.xcdatamodeld */; };
		3E3BEC221C243999008BC0CF /* MeetingListCellHeader.swift in Sources */ = {isa = PBXBuildFile; fileRef = 3E3BEC0E1C243999008BC0CF /* MeetingListCellHeader.swift */; };
		3E3BEC231C243999008BC0CF /* MeetingsViewController.swift in Sources */ = {isa = PBXBuildFile; fileRef = 3E3BEC0F1C243999008BC0CF /* MeetingsViewController.swift */; };
		3E3BEC241C243999008BC0CF /* MeetingListCell.swift in Sources */ = {isa = PBXBuildFile; fileRef = 3E3BEC101C243999008BC0CF /* MeetingListCell.swift */; };
		3E3BEC251C243999008BC0CF /* AppDelegate.swift in Sources */ = {isa = PBXBuildFile; fileRef = 3E3BEC111C243999008BC0CF /* AppDelegate.swift */; };
		3E3BEC261C243999008BC0CF /* CoreDataStackManager.swift in Sources */ = {isa = PBXBuildFile; fileRef = 3E3BEC121C243999008BC0CF /* CoreDataStackManager.swift */; };
		3E3BEC271C243999008BC0CF /* OpenWeatherClient.swift in Sources */ = {isa = PBXBuildFile; fileRef = 3E3BEC131C243999008BC0CF /* OpenWeatherClient.swift */; };
		3E3BEC281C243999008BC0CF /* OpenWeatherConstants.swift in Sources */ = {isa = PBXBuildFile; fileRef = 3E3BEC141C243999008BC0CF /* OpenWeatherConstants.swift */; };
		3E3BEC291C243999008BC0CF /* OpenWeatherConvenience.swift in Sources */ = {isa = PBXBuildFile; fileRef = 3E3BEC151C243999008BC0CF /* OpenWeatherConvenience.swift */; };
		3E3BEC2A1C243999008BC0CF /* Participant.swift in Sources */ = {isa = PBXBuildFile; fileRef = 3E3BEC161C243999008BC0CF /* Participant.swift */; };
		3E3BEC2B1C243999008BC0CF /* UIView.extension.swift in Sources */ = {isa = PBXBuildFile; fileRef = 3E3BEC171C243999008BC0CF /* UIView.extension.swift */; };
		3E3BEC2C1C243999008BC0CF /* Assets.xcassets in Resources */ = {isa = PBXBuildFile; fileRef = 3E3BEC181C243999008BC0CF /* Assets.xcassets */; };
		3E3BEC2D1C243999008BC0CF /* BorderedButton.swift in Sources */ = {isa = PBXBuildFile; fileRef = 3E3BEC191C243999008BC0CF /* BorderedButton.swift */; };
		3E3BEC2E1C243999008BC0CF /* Roboto-Medium.ttf in Resources */ = {isa = PBXBuildFile; fileRef = 3E3BEC1A1C243999008BC0CF /* Roboto-Medium.ttf */; };
		3E3BEC2F1C243999008BC0CF /* Roboto-Regular.ttf in Resources */ = {isa = PBXBuildFile; fileRef = 3E3BEC1B1C243999008BC0CF /* Roboto-Regular.ttf */; };
		3E3BEC301C243999008BC0CF /* Roboto-Thin.ttf in Resources */ = {isa = PBXBuildFile; fileRef = 3E3BEC1C1C243999008BC0CF /* Roboto-Thin.ttf */; };
		3E3BEC311C243999008BC0CF /* MeetingViewParticipantTableViewCell.swift in Sources */ = {isa = PBXBuildFile; fileRef = 3E3BEC1D1C243999008BC0CF /* MeetingViewParticipantTableViewCell.swift */; };
		3E3BEC321C243999008BC0CF /* SettingsViewController.swift in Sources */ = {isa = PBXBuildFile; fileRef = 3E3BEC1E1C243999008BC0CF /* SettingsViewController.swift */; };
		3E3BEC351C2439B1008BC0CF /* Main.storyboard in Resources */ = {isa = PBXBuildFile; fileRef = 3E3BEC331C2439B1008BC0CF /* Main.storyboard */; };
		3E3BEC361C2439B1008BC0CF /* LaunchScreen.storyboard in Resources */ = {isa = PBXBuildFile; fileRef = 3E3BEC341C2439B1008BC0CF /* LaunchScreen.storyboard */; };
		3E9A68801C3030860020BC7C /* Location.swift in Sources */ = {isa = PBXBuildFile; fileRef = 3E9A687E1C3030860020BC7C /* Location.swift */; };
		3E9A68871C3046180020BC7C /* owfont_definitions.swift in Sources */ = {isa = PBXBuildFile; fileRef = 3E9A68861C3046180020BC7C /* owfont_definitions.swift */; };
		3E9A68881C306D7A0020BC7C /* owfont-regular.otf in Resources */ = {isa = PBXBuildFile; fileRef = 3E9A68821C3041B90020BC7C /* owfont-regular.otf */; };
		3E9A68901C3548CB0020BC7C /* GoogleAPIConstants.swift in Sources */ = {isa = PBXBuildFile; fileRef = 3E9A688F1C3548CB0020BC7C /* GoogleAPIConstants.swift */; };
		3E9A68921C354E300020BC7C /* GoogleAPIClient.swift in Sources */ = {isa = PBXBuildFile; fileRef = 3E9A68911C354E300020BC7C /* GoogleAPIClient.swift */; };
		3E9A68941C3550E50020BC7C /* GoogleAPIConvenience.swift in Sources */ = {isa = PBXBuildFile; fileRef = 3E9A68931C3550E50020BC7C /* GoogleAPIConvenience.swift */; };
		3E9A68961C3557A90020BC7C /* NotesTableCell.swift in Sources */ = {isa = PBXBuildFile; fileRef = 3E9A68951C3557A90020BC7C /* NotesTableCell.swift */; };
		3E9A689A1C3949510020BC7C /* EKParticipant.extension.swift in Sources */ = {isa = PBXBuildFile; fileRef = 3E9A68991C3949510020BC7C /* EKParticipant.extension.swift */; };
		3E9A689C1C394AAB0020BC7C /* UIImage.extension.swift in Sources */ = {isa = PBXBuildFile; fileRef = 3E9A689B1C394AAB0020BC7C /* UIImage.extension.swift */; };
		3EA80B311C28470C00E96AF3 /* Note.swift in Sources */ = {isa = PBXBuildFile; fileRef = 3EA80B301C28470C00E96AF3 /* Note.swift */; };
		3EA80B331C297E4100E96AF3 /* Meeting.swift in Sources */ = {isa = PBXBuildFile; fileRef = 3EA80B321C297E4100E96AF3 /* Meeting.swift */; };
		3EA80B351C29CDDD00E96AF3 /* TabBarController.swift in Sources */ = {isa = PBXBuildFile; fileRef = 3EA80B341C29CDDD00E96AF3 /* TabBarController.swift */; };
		3EA80B371C29CF8600E96AF3 /* NotesTableViewController.swift in Sources */ = {isa = PBXBuildFile; fileRef = 3EA80B361C29CF8600E96AF3 /* NotesTableViewController.swift */; };
		3EA80B391C29D4CE00E96AF3 /* README.md in Sources */ = {isa = PBXBuildFile; fileRef = 3EA80B381C29D4CE00E96AF3 /* README.md */; };
		3EBAF76E1C24429C009A49F6 /* Datasource.swift in Sources */ = {isa = PBXBuildFile; fileRef = 3EBAF76D1C24429C009A49F6 /* Datasource.swift */; };
		3EBAF7711C244D5D009A49F6 /* NSDate.extension.swift in Sources */ = {isa = PBXBuildFile; fileRef = 3EBAF7701C244D5D009A49F6 /* NSDate.extension.swift */; };
		3EBAF77E1C27D6F7009A49F6 /* CustomSegmentedControl.swift in Sources */ = {isa = PBXBuildFile; fileRef = 3EBAF77D1C27D6F7009A49F6 /* CustomSegmentedControl.swift */; };
		3ED3A8421C2C34D200A21A86 /* NoteViewController.swift in Sources */ = {isa = PBXBuildFile; fileRef = 3ED3A8411C2C34D200A21A86 /* NoteViewController.swift */; };
/* End PBXBuildFile section */

/* Begin PBXFileReference section */
		3E3BEBF51C243956008BC0CF /* YACA.app */ = {isa = PBXFileReference; explicitFileType = wrapper.application; includeInIndex = 0; path = YACA.app; sourceTree = BUILT_PRODUCTS_DIR; };
		3E3BEC041C243957008BC0CF /* Info.plist */ = {isa = PBXFileReference; lastKnownFileType = text.plist.xml; path = Info.plist; sourceTree = "<group>"; };
		3E3BEC0A1C243999008BC0CF /* MeetingListCellHeader.xib */ = {isa = PBXFileReference; fileEncoding = 4; lastKnownFileType = file.xib; path = MeetingListCellHeader.xib; sourceTree = "<group>"; };
		3E3BEC0C1C243999008BC0CF /* YACA.xcdatamodel */ = {isa = PBXFileReference; lastKnownFileType = wrapper.xcdatamodel; path = YACA.xcdatamodel; sourceTree = "<group>"; };
		3E3BEC0E1C243999008BC0CF /* MeetingListCellHeader.swift */ = {isa = PBXFileReference; fileEncoding = 4; lastKnownFileType = sourcecode.swift; path = MeetingListCellHeader.swift; sourceTree = "<group>"; };
		3E3BEC0F1C243999008BC0CF /* MeetingsViewController.swift */ = {isa = PBXFileReference; fileEncoding = 4; lastKnownFileType = sourcecode.swift; path = MeetingsViewController.swift; sourceTree = "<group>"; };
		3E3BEC101C243999008BC0CF /* MeetingListCell.swift */ = {isa = PBXFileReference; fileEncoding = 4; lastKnownFileType = sourcecode.swift; path = MeetingListCell.swift; sourceTree = "<group>"; };
		3E3BEC111C243999008BC0CF /* AppDelegate.swift */ = {isa = PBXFileReference; fileEncoding = 4; lastKnownFileType = sourcecode.swift; path = AppDelegate.swift; sourceTree = "<group>"; };
		3E3BEC121C243999008BC0CF /* CoreDataStackManager.swift */ = {isa = PBXFileReference; fileEncoding = 4; lastKnownFileType = sourcecode.swift; path = CoreDataStackManager.swift; sourceTree = "<group>"; };
		3E3BEC131C243999008BC0CF /* OpenWeatherClient.swift */ = {isa = PBXFileReference; fileEncoding = 4; lastKnownFileType = sourcecode.swift; path = OpenWeatherClient.swift; sourceTree = "<group>"; };
		3E3BEC141C243999008BC0CF /* OpenWeatherConstants.swift */ = {isa = PBXFileReference; fileEncoding = 4; lastKnownFileType = sourcecode.swift; path = OpenWeatherConstants.swift; sourceTree = "<group>"; };
		3E3BEC151C243999008BC0CF /* OpenWeatherConvenience.swift */ = {isa = PBXFileReference; fileEncoding = 4; lastKnownFileType = sourcecode.swift; path = OpenWeatherConvenience.swift; sourceTree = "<group>"; };
		3E3BEC161C243999008BC0CF /* Participant.swift */ = {isa = PBXFileReference; fileEncoding = 4; lastKnownFileType = sourcecode.swift; path = Participant.swift; sourceTree = "<group>"; };
		3E3BEC171C243999008BC0CF /* UIView.extension.swift */ = {isa = PBXFileReference; fileEncoding = 4; lastKnownFileType = sourcecode.swift; path = UIView.extension.swift; sourceTree = "<group>"; };
		3E3BEC181C243999008BC0CF /* Assets.xcassets */ = {isa = PBXFileReference; lastKnownFileType = folder.assetcatalog; path = Assets.xcassets; sourceTree = "<group>"; };
		3E3BEC191C243999008BC0CF /* BorderedButton.swift */ = {isa = PBXFileReference; fileEncoding = 4; lastKnownFileType = sourcecode.swift; path = BorderedButton.swift; sourceTree = "<group>"; };
		3E3BEC1A1C243999008BC0CF /* Roboto-Medium.ttf */ = {isa = PBXFileReference; lastKnownFileType = file; path = "Roboto-Medium.ttf"; sourceTree = "<group>"; };
		3E3BEC1B1C243999008BC0CF /* Roboto-Regular.ttf */ = {isa = PBXFileReference; lastKnownFileType = file; path = "Roboto-Regular.ttf"; sourceTree = "<group>"; };
		3E3BEC1C1C243999008BC0CF /* Roboto-Thin.ttf */ = {isa = PBXFileReference; lastKnownFileType = file; path = "Roboto-Thin.ttf"; sourceTree = "<group>"; };
		3E3BEC1D1C243999008BC0CF /* MeetingViewParticipantTableViewCell.swift */ = {isa = PBXFileReference; fileEncoding = 4; lastKnownFileType = sourcecode.swift; path = MeetingViewParticipantTableViewCell.swift; sourceTree = "<group>"; };
		3E3BEC1E1C243999008BC0CF /* SettingsViewController.swift */ = {isa = PBXFileReference; fileEncoding = 4; lastKnownFileType = sourcecode.swift; path = SettingsViewController.swift; sourceTree = "<group>"; };
		3E3BEC331C2439B1008BC0CF /* Main.storyboard */ = {isa = PBXFileReference; fileEncoding = 4; lastKnownFileType = file.storyboard; path = Main.storyboard; sourceTree = "<group>"; };
		3E3BEC341C2439B1008BC0CF /* LaunchScreen.storyboard */ = {isa = PBXFileReference; fileEncoding = 4; lastKnownFileType = file.storyboard; path = LaunchScreen.storyboard; sourceTree = "<group>"; };
		3E9A687C1C302FAE0020BC7C /* YACAv2.xcdatamodel */ = {isa = PBXFileReference; lastKnownFileType = wrapper.xcdatamodel; path = YACAv2.xcdatamodel; sourceTree = "<group>"; };
		3E9A687E1C3030860020BC7C /* Location.swift */ = {isa = PBXFileReference; fileEncoding = 4; lastKnownFileType = sourcecode.swift; path = Location.swift; sourceTree = "<group>"; };
		3E9A68821C3041B90020BC7C /* owfont-regular.otf */ = {isa = PBXFileReference; lastKnownFileType = file; path = "owfont-regular.otf"; sourceTree = "<group>"; };
		3E9A68831C3042940020BC7C /* owfont-regular.ttf */ = {isa = PBXFileReference; lastKnownFileType = file; path = "owfont-regular.ttf"; sourceTree = "<group>"; };
		3E9A68861C3046180020BC7C /* owfont_definitions.swift */ = {isa = PBXFileReference; fileEncoding = 4; lastKnownFileType = sourcecode.swift; path = owfont_definitions.swift; sourceTree = "<group>"; };
		3E9A688A1C3078A20020BC7C /* YACAv3.xcdatamodel */ = {isa = PBXFileReference; lastKnownFileType = wrapper.xcdatamodel; path = YACAv3.xcdatamodel; sourceTree = "<group>"; };
		3E9A688D1C349A440020BC7C /* YACAv4.xcdatamodel */ = {isa = PBXFileReference; lastKnownFileType = wrapper.xcdatamodel; path = YACAv4.xcdatamodel; sourceTree = "<group>"; };
		3E9A688F1C3548CB0020BC7C /* GoogleAPIConstants.swift */ = {isa = PBXFileReference; fileEncoding = 4; lastKnownFileType = sourcecode.swift; path = GoogleAPIConstants.swift; sourceTree = "<group>"; };
		3E9A68911C354E300020BC7C /* GoogleAPIClient.swift */ = {isa = PBXFileReference; fileEncoding = 4; lastKnownFileType = sourcecode.swift; path = GoogleAPIClient.swift; sourceTree = "<group>"; };
		3E9A68931C3550E50020BC7C /* GoogleAPIConvenience.swift */ = {isa = PBXFileReference; fileEncoding = 4; lastKnownFileType = sourcecode.swift; path = GoogleAPIConvenience.swift; sourceTree = "<group>"; };
		3E9A68951C3557A90020BC7C /* NotesTableCell.swift */ = {isa = PBXFileReference; fileEncoding = 4; lastKnownFileType = sourcecode.swift; path = NotesTableCell.swift; sourceTree = "<group>"; };
		3E9A68971C35FDB20020BC7C /* YACAv5.xcdatamodel */ = {isa = PBXFileReference; lastKnownFileType = wrapper.xcdatamodel; path = YACAv5.xcdatamodel; sourceTree = "<group>"; };
		3E9A68981C36DB100020BC7C /* YACAv6.xcdatamodel */ = {isa = PBXFileReference; lastKnownFileType = wrapper.xcdatamodel; path = YACAv6.xcdatamodel; sourceTree = "<group>"; };
		3E9A68991C3949510020BC7C /* EKParticipant.extension.swift */ = {isa = PBXFileReference; fileEncoding = 4; lastKnownFileType = sourcecode.swift; path = EKParticipant.extension.swift; sourceTree = "<group>"; };
		3E9A689B1C394AAB0020BC7C /* UIImage.extension.swift */ = {isa = PBXFileReference; fileEncoding = 4; lastKnownFileType = sourcecode.swift; path = UIImage.extension.swift; sourceTree = "<group>"; };
		3EA80B301C28470C00E96AF3 /* Note.swift */ = {isa = PBXFileReference; fileEncoding = 4; lastKnownFileType = sourcecode.swift; path = Note.swift; sourceTree = "<group>"; };
		3EA80B321C297E4100E96AF3 /* Meeting.swift */ = {isa = PBXFileReference; fileEncoding = 4; lastKnownFileType = sourcecode.swift; path = Meeting.swift; sourceTree = "<group>"; };
		3EA80B341C29CDDD00E96AF3 /* TabBarController.swift */ = {isa = PBXFileReference; fileEncoding = 4; lastKnownFileType = sourcecode.swift; path = TabBarController.swift; sourceTree = "<group>"; };
		3EA80B361C29CF8600E96AF3 /* NotesTableViewController.swift */ = {isa = PBXFileReference; fileEncoding = 4; lastKnownFileType = sourcecode.swift; path = NotesTableViewController.swift; sourceTree = "<group>"; };
		3EA80B381C29D4CE00E96AF3 /* README.md */ = {isa = PBXFileReference; fileEncoding = 4; lastKnownFileType = net.daringfireball.markdown; path = README.md; sourceTree = "<group>"; };
		3EBAF76D1C24429C009A49F6 /* Datasource.swift */ = {isa = PBXFileReference; fileEncoding = 4; lastKnownFileType = sourcecode.swift; path = Datasource.swift; sourceTree = "<group>"; };
		3EBAF7701C244D5D009A49F6 /* NSDate.extension.swift */ = {isa = PBXFileReference; fileEncoding = 4; lastKnownFileType = sourcecode.swift; path = NSDate.extension.swift; sourceTree = "<group>"; };
		3EBAF7791C2730C7009A49F6 /* YACA.entitlements */ = {isa = PBXFileReference; lastKnownFileType = text.xml; path = YACA.entitlements; sourceTree = "<group>"; };
		3EBAF77D1C27D6F7009A49F6 /* CustomSegmentedControl.swift */ = {isa = PBXFileReference; fileEncoding = 4; lastKnownFileType = sourcecode.swift; path = CustomSegmentedControl.swift; sourceTree = "<group>"; };
		3ED3A8411C2C34D200A21A86 /* NoteViewController.swift */ = {isa = PBXFileReference; fileEncoding = 4; lastKnownFileType = sourcecode.swift; path = NoteViewController.swift; sourceTree = "<group>"; };
/* End PBXFileReference section */

/* Begin PBXFrameworksBuildPhase section */
		3E3BEBF21C243956008BC0CF /* Frameworks */ = {
			isa = PBXFrameworksBuildPhase;
			buildActionMask = 2147483647;
			files = (
			);
			runOnlyForDeploymentPostprocessing = 0;
		};
/* End PBXFrameworksBuildPhase section */

/* Begin PBXGroup section */
		3E190EAB1C243CBE00B80B6B /* Storyboard */ = {
			isa = PBXGroup;
			children = (
				3E3BEC331C2439B1008BC0CF /* Main.storyboard */,
				3E3BEC341C2439B1008BC0CF /* LaunchScreen.storyboard */,
				3E3BEC0A1C243999008BC0CF /* MeetingListCellHeader.xib */,
			);
			name = Storyboard;
			sourceTree = "<group>";
		};
		3E190EAC1C243CDE00B80B6B /* Model */ = {
			isa = PBXGroup;
			children = (
				3EBAF76F1C244D4D009A49F6 /* extensions */,
				3E190EAD1C243CE800B80B6B /* Clients */,
				3E3BEC121C243999008BC0CF /* CoreDataStackManager.swift */,
				3EA80B321C297E4100E96AF3 /* Meeting.swift */,
				3E3BEC161C243999008BC0CF /* Participant.swift */,
				3E9A687E1C3030860020BC7C /* Location.swift */,
				3E3BEC0B1C243999008BC0CF /* YACA.xcdatamodeld */,
				3EBAF76D1C24429C009A49F6 /* Datasource.swift */,
				3EA80B301C28470C00E96AF3 /* Note.swift */,
			);
			name = Model;
			sourceTree = "<group>";
		};
		3E190EAD1C243CE800B80B6B /* Clients */ = {
			isa = PBXGroup;
			children = (
				3E9A688E1C35489C0020BC7C /* google */,
				3E190EAE1C243CEF00B80B6B /* openweather */,
			);
			name = Clients;
			sourceTree = "<group>";
		};
		3E190EAE1C243CEF00B80B6B /* openweather */ = {
			isa = PBXGroup;
			children = (
				3E3BEC131C243999008BC0CF /* OpenWeatherClient.swift */,
				3E3BEC141C243999008BC0CF /* OpenWeatherConstants.swift */,
				3E3BEC151C243999008BC0CF /* OpenWeatherConvenience.swift */,
			);
			name = openweather;
			sourceTree = "<group>";
		};
		3E190EAF1C243D2C00B80B6B /* Controller */ = {
			isa = PBXGroup;
			children = (
				3E3BEC0E1C243999008BC0CF /* MeetingListCellHeader.swift */,
				3E3BEC0F1C243999008BC0CF /* MeetingsViewController.swift */,
				3E3BEC101C243999008BC0CF /* MeetingListCell.swift */,
				3E3BEC111C243999008BC0CF /* AppDelegate.swift */,
				3E3BEC1D1C243999008BC0CF /* MeetingViewParticipantTableViewCell.swift */,
				3E3BEC1E1C243999008BC0CF /* SettingsViewController.swift */,
				3EA80B341C29CDDD00E96AF3 /* TabBarController.swift */,
				3EA80B361C29CF8600E96AF3 /* NotesTableViewController.swift */,
				3ED3A8411C2C34D200A21A86 /* NoteViewController.swift */,
				3E9A68951C3557A90020BC7C /* NotesTableCell.swift */,
			);
			name = Controller;
			sourceTree = "<group>";
		};
		3E190EB01C243D3700B80B6B /* Resources */ = {
			isa = PBXGroup;
			children = (
				3E9A68861C3046180020BC7C /* owfont_definitions.swift */,
				3EBAF7791C2730C7009A49F6 /* YACA.entitlements */,
				3E3BEC181C243999008BC0CF /* Assets.xcassets */,
				3E3BEC191C243999008BC0CF /* BorderedButton.swift */,
				3E9A68821C3041B90020BC7C /* owfont-regular.otf */,
				3E9A68831C3042940020BC7C /* owfont-regular.ttf */,
				3E3BEC1A1C243999008BC0CF /* Roboto-Medium.ttf */,
				3E3BEC1B1C243999008BC0CF /* Roboto-Regular.ttf */,
				3E3BEC1C1C243999008BC0CF /* Roboto-Thin.ttf */,
				3E3BEC041C243957008BC0CF /* Info.plist */,
			);
			name = Resources;
			sourceTree = "<group>";
		};
		3E3BEBEC1C243956008BC0CF = {
			isa = PBXGroup;
			children = (
				3EA80B381C29D4CE00E96AF3 /* README.md */,
				3E3BEBF71C243956008BC0CF /* YACA */,
				3E3BEBF61C243956008BC0CF /* Products */,
			);
			sourceTree = "<group>";
		};
		3E3BEBF61C243956008BC0CF /* Products */ = {
			isa = PBXGroup;
			children = (
				3E3BEBF51C243956008BC0CF /* YACA.app */,
			);
			name = Products;
			sourceTree = "<group>";
		};
		3E3BEBF71C243956008BC0CF /* YACA */ = {
			isa = PBXGroup;
			children = (
				3EBAF77A1C27D6D1009A49F6 /* Controls */,
				3E190EAB1C243CBE00B80B6B /* Storyboard */,
				3E190EAC1C243CDE00B80B6B /* Model */,
				3E190EAF1C243D2C00B80B6B /* Controller */,
				3E190EB01C243D3700B80B6B /* Resources */,
			);
			path = YACA;
			sourceTree = "<group>";
		};
		3E9A688E1C35489C0020BC7C /* google */ = {
			isa = PBXGroup;
			children = (
				3E9A688F1C3548CB0020BC7C /* GoogleAPIConstants.swift */,
				3E9A68911C354E300020BC7C /* GoogleAPIClient.swift */,
				3E9A68931C3550E50020BC7C /* GoogleAPIConvenience.swift */,
			);
			name = google;
			sourceTree = "<group>";
		};
		3EBAF76F1C244D4D009A49F6 /* extensions */ = {
			isa = PBXGroup;
			children = (
				3E3BEC171C243999008BC0CF /* UIView.extension.swift */,
				3EBAF7701C244D5D009A49F6 /* NSDate.extension.swift */,
				3E9A68991C3949510020BC7C /* EKParticipant.extension.swift */,
				3E9A689B1C394AAB0020BC7C /* UIImage.extension.swift */,
			);
			name = extensions;
			sourceTree = "<group>";
		};
		3EBAF77A1C27D6D1009A49F6 /* Controls */ = {
			isa = PBXGroup;
			children = (
				3EBAF77D1C27D6F7009A49F6 /* CustomSegmentedControl.swift */,
			);
			name = Controls;
			sourceTree = "<group>";
		};
/* End PBXGroup section */

/* Begin PBXNativeTarget section */
		3E3BEBF41C243956008BC0CF /* YACA */ = {
			isa = PBXNativeTarget;
			buildConfigurationList = 3E3BEC071C243957008BC0CF /* Build configuration list for PBXNativeTarget "YACA" */;
			buildPhases = (
				3E3BEBF11C243956008BC0CF /* Sources */,
				3E3BEBF21C243956008BC0CF /* Frameworks */,
				3E3BEBF31C243956008BC0CF /* Resources */,
			);
			buildRules = (
			);
			dependencies = (
			);
			name = YACA;
			productName = YACA;
			productReference = 3E3BEBF51C243956008BC0CF /* YACA.app */;
			productType = "com.apple.product-type.application";
		};
/* End PBXNativeTarget section */

/* Begin PBXProject section */
		3E3BEBED1C243956008BC0CF /* Project object */ = {
			isa = PBXProject;
			attributes = {
				LastSwiftUpdateCheck = 0720;
				LastUpgradeCheck = 0720;
				ORGANIZATIONNAME = AP;
				TargetAttributes = {
					3E3BEBF41C243956008BC0CF = {
						CreatedOnToolsVersion = 7.2;
						DevelopmentTeam = P3TG793FDF;
						SystemCapabilities = {
							com.apple.iCloud = {
								enabled = 1;
							};
						};
					};
				};
			};
			buildConfigurationList = 3E3BEBF01C243956008BC0CF /* Build configuration list for PBXProject "YACA" */;
			compatibilityVersion = "Xcode 3.2";
			developmentRegion = English;
			hasScannedForEncodings = 0;
			knownRegions = (
				en,
				Base,
			);
			mainGroup = 3E3BEBEC1C243956008BC0CF;
			productRefGroup = 3E3BEBF61C243956008BC0CF /* Products */;
			projectDirPath = "";
			projectRoot = "";
			targets = (
				3E3BEBF41C243956008BC0CF /* YACA */,
			);
		};
/* End PBXProject section */

/* Begin PBXResourcesBuildPhase section */
		3E3BEBF31C243956008BC0CF /* Resources */ = {
			isa = PBXResourcesBuildPhase;
			buildActionMask = 2147483647;
			files = (
				3E9A68881C306D7A0020BC7C /* owfont-regular.otf in Resources */,
				3E3BEC2C1C243999008BC0CF /* Assets.xcassets in Resources */,
				3E3BEC1F1C243999008BC0CF /* MeetingListCellHeader.xib in Resources */,
				3E3BEC2F1C243999008BC0CF /* Roboto-Regular.ttf in Resources */,
				3E3BEC351C2439B1008BC0CF /* Main.storyboard in Resources */,
				3E3BEC361C2439B1008BC0CF /* LaunchScreen.storyboard in Resources */,
				3E3BEC301C243999008BC0CF /* Roboto-Thin.ttf in Resources */,
				3E3BEC2E1C243999008BC0CF /* Roboto-Medium.ttf in Resources */,
			);
			runOnlyForDeploymentPostprocessing = 0;
		};
/* End PBXResourcesBuildPhase section */

/* Begin PBXSourcesBuildPhase section */
		3E3BEBF11C243956008BC0CF /* Sources */ = {
			isa = PBXSourcesBuildPhase;
			buildActionMask = 2147483647;
			files = (
				3E9A68961C3557A90020BC7C /* NotesTableCell.swift in Sources */,
				3E3BEC281C243999008BC0CF /* OpenWeatherConstants.swift in Sources */,
				3E9A689A1C3949510020BC7C /* EKParticipant.extension.swift in Sources */,
				3EA80B351C29CDDD00E96AF3 /* TabBarController.swift in Sources */,
				3EA80B371C29CF8600E96AF3 /* NotesTableViewController.swift in Sources */,
				3EA80B311C28470C00E96AF3 /* Note.swift in Sources */,
				3E3BEC251C243999008BC0CF /* AppDelegate.swift in Sources */,
				3EBAF7711C244D5D009A49F6 /* NSDate.extension.swift in Sources */,
				3E9A689C1C394AAB0020BC7C /* UIImage.extension.swift in Sources */,
				3E3BEC221C243999008BC0CF /* MeetingListCellHeader.swift in Sources */,
				3EA80B331C297E4100E96AF3 /* Meeting.swift in Sources */,
				3E3BEC201C243999008BC0CF /* YACA.xcdatamodeld in Sources */,
				3EA80B391C29D4CE00E96AF3 /* README.md in Sources */,
				3E3BEC311C243999008BC0CF /* MeetingViewParticipantTableViewCell.swift in Sources */,
				3E3BEC291C243999008BC0CF /* OpenWeatherConvenience.swift in Sources */,
				3E9A68941C3550E50020BC7C /* GoogleAPIConvenience.swift in Sources */,
				3EBAF76E1C24429C009A49F6 /* Datasource.swift in Sources */,
				3E3BEC271C243999008BC0CF /* OpenWeatherClient.swift in Sources */,
				3E3BEC2B1C243999008BC0CF /* UIView.extension.swift in Sources */,
				3E9A68901C3548CB0020BC7C /* GoogleAPIConstants.swift in Sources */,
				3E3BEC321C243999008BC0CF /* SettingsViewController.swift in Sources */,
				3E3BEC261C243999008BC0CF /* CoreDataStackManager.swift in Sources */,
				3EBAF77E1C27D6F7009A49F6 /* CustomSegmentedControl.swift in Sources */,
				3E3BEC2D1C243999008BC0CF /* BorderedButton.swift in Sources */,
				3ED3A8421C2C34D200A21A86 /* NoteViewController.swift in Sources */,
				3E9A68801C3030860020BC7C /* Location.swift in Sources */,
				3E3BEC2A1C243999008BC0CF /* Participant.swift in Sources */,
				3E3BEC231C243999008BC0CF /* MeetingsViewController.swift in Sources */,
				3E9A68871C3046180020BC7C /* owfont_definitions.swift in Sources */,
				3E9A68921C354E300020BC7C /* GoogleAPIClient.swift in Sources */,
				3E3BEC241C243999008BC0CF /* MeetingListCell.swift in Sources */,
			);
			runOnlyForDeploymentPostprocessing = 0;
		};
/* End PBXSourcesBuildPhase section */

/* Begin XCBuildConfiguration section */
		3E3BEC051C243957008BC0CF /* Debug */ = {
			isa = XCBuildConfiguration;
			buildSettings = {
				ALWAYS_SEARCH_USER_PATHS = NO;
				CLANG_CXX_LANGUAGE_STANDARD = "gnu++0x";
				CLANG_CXX_LIBRARY = "libc++";
				CLANG_ENABLE_MODULES = YES;
				CLANG_ENABLE_OBJC_ARC = YES;
				CLANG_WARN_BOOL_CONVERSION = YES;
				CLANG_WARN_CONSTANT_CONVERSION = YES;
				CLANG_WARN_DIRECT_OBJC_ISA_USAGE = YES_ERROR;
				CLANG_WARN_EMPTY_BODY = YES;
				CLANG_WARN_ENUM_CONVERSION = YES;
				CLANG_WARN_INT_CONVERSION = YES;
				CLANG_WARN_OBJC_ROOT_CLASS = YES_ERROR;
				CLANG_WARN_UNREACHABLE_CODE = YES;
				CLANG_WARN__DUPLICATE_METHOD_MATCH = YES;
				"CODE_SIGN_IDENTITY[sdk=iphoneos*]" = "iPhone Developer";
				COPY_PHASE_STRIP = NO;
				DEBUG_INFORMATION_FORMAT = dwarf;
				ENABLE_STRICT_OBJC_MSGSEND = YES;
				ENABLE_TESTABILITY = YES;
				GCC_C_LANGUAGE_STANDARD = gnu99;
				GCC_DYNAMIC_NO_PIC = NO;
				GCC_NO_COMMON_BLOCKS = YES;
				GCC_OPTIMIZATION_LEVEL = 0;
				GCC_PREPROCESSOR_DEFINITIONS = (
					"DEBUG=1",
					"$(inherited)",
				);
				GCC_WARN_64_TO_32_BIT_CONVERSION = YES;
				GCC_WARN_ABOUT_RETURN_TYPE = YES_ERROR;
				GCC_WARN_UNDECLARED_SELECTOR = YES;
				GCC_WARN_UNINITIALIZED_AUTOS = YES_AGGRESSIVE;
				GCC_WARN_UNUSED_FUNCTION = YES;
				GCC_WARN_UNUSED_VARIABLE = YES;
				IPHONEOS_DEPLOYMENT_TARGET = 9.2;
				MTL_ENABLE_DEBUG_INFO = YES;
				ONLY_ACTIVE_ARCH = YES;
				SDKROOT = iphoneos;
				SWIFT_OPTIMIZATION_LEVEL = "-Onone";
			};
			name = Debug;
		};
		3E3BEC061C243957008BC0CF /* Release */ = {
			isa = XCBuildConfiguration;
			buildSettings = {
				ALWAYS_SEARCH_USER_PATHS = NO;
				CLANG_CXX_LANGUAGE_STANDARD = "gnu++0x";
				CLANG_CXX_LIBRARY = "libc++";
				CLANG_ENABLE_MODULES = YES;
				CLANG_ENABLE_OBJC_ARC = YES;
				CLANG_WARN_BOOL_CONVERSION = YES;
				CLANG_WARN_CONSTANT_CONVERSION = YES;
				CLANG_WARN_DIRECT_OBJC_ISA_USAGE = YES_ERROR;
				CLANG_WARN_EMPTY_BODY = YES;
				CLANG_WARN_ENUM_CONVERSION = YES;
				CLANG_WARN_INT_CONVERSION = YES;
				CLANG_WARN_OBJC_ROOT_CLASS = YES_ERROR;
				CLANG_WARN_UNREACHABLE_CODE = YES;
				CLANG_WARN__DUPLICATE_METHOD_MATCH = YES;
				"CODE_SIGN_IDENTITY[sdk=iphoneos*]" = "iPhone Developer";
				COPY_PHASE_STRIP = NO;
				DEBUG_INFORMATION_FORMAT = "dwarf-with-dsym";
				ENABLE_NS_ASSERTIONS = NO;
				ENABLE_STRICT_OBJC_MSGSEND = YES;
				GCC_C_LANGUAGE_STANDARD = gnu99;
				GCC_NO_COMMON_BLOCKS = YES;
				GCC_WARN_64_TO_32_BIT_CONVERSION = YES;
				GCC_WARN_ABOUT_RETURN_TYPE = YES_ERROR;
				GCC_WARN_UNDECLARED_SELECTOR = YES;
				GCC_WARN_UNINITIALIZED_AUTOS = YES_AGGRESSIVE;
				GCC_WARN_UNUSED_FUNCTION = YES;
				GCC_WARN_UNUSED_VARIABLE = YES;
				IPHONEOS_DEPLOYMENT_TARGET = 9.2;
				MTL_ENABLE_DEBUG_INFO = NO;
				SDKROOT = iphoneos;
				VALIDATE_PRODUCT = YES;
			};
			name = Release;
		};
		3E3BEC081C243957008BC0CF /* Debug */ = {
			isa = XCBuildConfiguration;
			buildSettings = {
				ASSETCATALOG_COMPILER_APPICON_NAME = AppIcon;
				CLANG_ENABLE_MODULES = YES;
				CODE_SIGN_ENTITLEMENTS = YACA/YACA.entitlements;
				CODE_SIGN_IDENTITY = "iPhone Developer";
				"CODE_SIGN_IDENTITY[sdk=iphoneos*]" = "iPhone Developer";
				INFOPLIST_FILE = YACA/Info.plist;
				IPHONEOS_DEPLOYMENT_TARGET = 9.1;
				LD_RUNPATH_SEARCH_PATHS = "$(inherited) @executable_path/Frameworks";
				PRODUCT_BUNDLE_IDENTIFIER = ap.YACA;
				PRODUCT_NAME = "$(TARGET_NAME)";
				PROVISIONING_PROFILE = "";
				SWIFT_OPTIMIZATION_LEVEL = "-Onone";
			};
			name = Debug;
		};
		3E3BEC091C243957008BC0CF /* Release */ = {
			isa = XCBuildConfiguration;
			buildSettings = {
				ASSETCATALOG_COMPILER_APPICON_NAME = AppIcon;
				CLANG_ENABLE_MODULES = YES;
				CODE_SIGN_ENTITLEMENTS = YACA/YACA.entitlements;
				CODE_SIGN_IDENTITY = "iPhone Developer";
				"CODE_SIGN_IDENTITY[sdk=iphoneos*]" = "iPhone Developer";
				INFOPLIST_FILE = YACA/Info.plist;
				IPHONEOS_DEPLOYMENT_TARGET = 9.1;
				LD_RUNPATH_SEARCH_PATHS = "$(inherited) @executable_path/Frameworks";
				PRODUCT_BUNDLE_IDENTIFIER = ap.YACA;
				PRODUCT_NAME = "$(TARGET_NAME)";
				PROVISIONING_PROFILE = "";
			};
			name = Release;
		};
/* End XCBuildConfiguration section */

/* Begin XCConfigurationList section */
		3E3BEBF01C243956008BC0CF /* Build configuration list for PBXProject "YACA" */ = {
			isa = XCConfigurationList;
			buildConfigurations = (
				3E3BEC051C243957008BC0CF /* Debug */,
				3E3BEC061C243957008BC0CF /* Release */,
			);
			defaultConfigurationIsVisible = 0;
			defaultConfigurationName = Release;
		};
		3E3BEC071C243957008BC0CF /* Build configuration list for PBXNativeTarget "YACA" */ = {
			isa = XCConfigurationList;
			buildConfigurations = (
				3E3BEC081C243957008BC0CF /* Debug */,
				3E3BEC091C243957008BC0CF /* Release */,
			);
			defaultConfigurationIsVisible = 0;
			defaultConfigurationName = Release;
		};
/* End XCConfigurationList section */

/* Begin XCVersionGroup section */
		3E3BEC0B1C243999008BC0CF /* YACA.xcdatamodeld */ = {
			isa = XCVersionGroup;
			children = (
				3E9A68981C36DB100020BC7C /* YACAv6.xcdatamodel */,
				3E9A68971C35FDB20020BC7C /* YACAv5.xcdatamodel */,
				3E9A688D1C349A440020BC7C /* YACAv4.xcdatamodel */,
				3E9A688A1C3078A20020BC7C /* YACAv3.xcdatamodel */,
				3E9A687C1C302FAE0020BC7C /* YACAv2.xcdatamodel */,
				3E3BEC0C1C243999008BC0CF /* YACA.xcdatamodel */,
			);
			currentVersion = 3E9A68981C36DB100020BC7C /* YACAv6.xcdatamodel */;
			path = YACA.xcdatamodeld;
			sourceTree = "<group>";
			versionGroupType = wrapper.xcdatamodel;
		};
/* End XCVersionGroup section */
	};
	rootObject = 3E3BEBED1C243956008BC0CF /* Project object */;
}
